{
  "name": "find-terraria-servers",
  "version": "1.0.0",
  "lockfileVersion": 2,
  "requires": true,
  "packages": {
    "": {
      "name": "find-terraria-servers",
      "version": "1.0.0",
      "license": "ISC",
      "dependencies": {
        "is-port-reachable": "^4.0.0"
      }
    },
    "node_modules/is-port-reachable": {
      "version": "4.0.0",
      "resolved": "https://registry.npmjs.org/is-port-reachable/-/is-port-reachable-4.0.0.tgz",
      "integrity": "sha512-9UoipoxYmSk6Xy7QFgRv2HDyaysmgSG75TFQs6S+3pDM7ZhKTF/bskZV+0UlABHzKjNVhPjYCLfeZUEg1wXxig==",
      "engines": {
        "node": "^12.20.0 || ^14.13.1 || >=16.0.0"
      },
      "funding": {
        "url": "https://github.com/sponsors/sindresorhus"
      }
    }
  },
  "dependencies": {
    "is-port-reachable": {
      "version": "4.0.0",
      "resolved": "https://registry.npmjs.org/is-port-reachable/-/is-port-reachable-4.0.0.tgz",
      "integrity": "sha512-9UoipoxYmSk6Xy7QFgRv2HDyaysmgSG75TFQs6S+3pDM7ZhKTF/bskZV+0UlABHzKjNVhPjYCLfeZUEg1wXxig=="
    }
  }
}
